
Microsoft Visual Studio Solution File, Format Version 12.00
# Visual Studio 15
Project("{FAE04EC0-301F-11D3-BF4B-00C04F79EFBC}") = "Assembly-CSharp", "Assembly-CSharp.csproj", "{2FA86D2E-88B4-5FE9-EBFC-1CBFD603A996}"
EndProject
Project("{FAE04EC0-301F-11D3-BF4B-00C04F79EFBC}") = "Assembly-CSharp-Editor", "Assembly-CSharp-Editor.csproj", "{2AF69741-E879-132E-252F-C375FE935F64}"
EndProject
Global
	GlobalSection(SolutionConfigurationPlatforms) = preSolution
		Debug|Any CPU = Debug|Any CPU
		Release|Any CPU = Release|Any CPU
	EndGlobalSection
	GlobalSection(ProjectConfigurationPlatforms) = postSolution
		{2FA86D2E-88B4-5FE9-EBFC-1CBFD603A996}.Debug|Any CPU.ActiveCfg = Debug|Any CPU
		{2FA86D2E-88B4-5FE9-EBFC-1CBFD603A996}.Debug|Any CPU.Build.0 = Debug|Any CPU
		{2FA86D2E-88B4-5FE9-EBFC-1CBFD603A996}.Release|Any CPU.ActiveCfg = Release|Any CPU
		{2FA86D2E-88B4-5FE9-EBFC-1CBFD603A996}.Release|Any CPU.Build.0 = Release|Any CPU
		{2AF69741-E879-132E-252F-C375FE935F64}.Debug|Any CPU.ActiveCfg = Debug|Any CPU
		{2AF69741-E879-132E-252F-C375FE935F64}.Debug|Any CPU.Build.0 = Debug|Any CPU
		{2AF69741-E879-132E-252F-C375FE935F64}.Release|Any CPU.ActiveCfg = Release|Any CPU
		{2AF69741-E879-132E-252F-C375FE935F64}.Release|Any CPU.Build.0 = Release|Any CPU
	EndGlobalSection
	GlobalSection(SolutionProperties) = preSolution
		HideSolutionNode = FALSE
	EndGlobalSection
EndGlobal
